
Microsoft Visual Studio Solution File, Format Version 12.00
# Visual Studio Version 17
VisualStudioVersion = 17.7.34024.191
MinimumVisualStudioVersion = 10.0.40219.1
Project("{FAE04EC0-301F-11D3-BF4B-00C04F79EFBC}") = "Reproductor", "Reproductor\Reproductor.csproj", "{118493B4-C802-400B-BF66-BE82B1B9CA00}"
EndProject
Global
	GlobalSection(SolutionConfigurationPlatforms) = preSolution
		Debug|Any CPU = Debug|Any CPU
		Release|Any CPU = Release|Any CPU
	EndGlobalSection
	GlobalSection(ProjectConfigurationPlatforms) = postSolution
		{118493B4-C802-400B-BF66-BE82B1B9CA00}.Debug|Any CPU.ActiveCfg = Debug|Any CPU
		{118493B4-C802-400B-BF66-BE82B1B9CA00}.Debug|Any CPU.Build.0 = Debug|Any CPU
		{118493B4-C802-400B-BF66-BE82B1B9CA00}.Release|Any CPU.ActiveCfg = Release|Any CPU
		{118493B4-C802-400B-BF66-BE82B1B9CA00}.Release|Any CPU.Build.0 = Release|Any CPU
	EndGlobalSection
	GlobalSection(SolutionProperties) = preSolution
		HideSolutionNode = FALSE
	EndGlobalSection
	GlobalSection(ExtensibilityGlobals) = postSolution
		SolutionGuid = {403F3D3A-B06A-48AB-A24D-4E05D26BDC76}
	EndGlobalSection
EndGlobal
